<?xml version="1.0" encoding="utf-8"?>
<Project ToolsVersion="4.0" xmlns="http://schemas.microsoft.com/developer/msbuild/2003">
  <ItemGroup>
    <Filter Include="Source Files">
      <UniqueIdentifier>{4FC737F1-C7A5-4376-A066-2A32D752A2FF}</UniqueIdentifier>
      <Extensions>cpp;c;cc;cxx;def;odl;idl;hpj;bat;asm;asmx</Extensions>
    </Filter>
    <Filter Include="Header Files">
      <UniqueIdentifier>{93995380-89BD-4b04-88EB-625FBE52EBFB}</UniqueIdentifier>
      <Extensions>h;hpp;hxx;hm;inl;inc;xsd</Extensions>
    </Filter>
    <Filter Include="Resource Files">
      <UniqueIdentifier>{67DA6AB6-F800-4c08-8B7A-83BB121AAD01}</UniqueIdentifier>
      <Extensions>rc;ico;cur;bmp;dlg;rc2;rct;bin;rgs;gif;jpg;jpeg;jpe;resx;tiff;tif;png;wav;mfcribbon-ms</Extensions>
    </Filter>
    <Filter Include="sample_unittest">
      <UniqueIdentifier>{379fc18c-f7d6-4fbf-8d92-27766b4dfce7}</UniqueIdentifier>
    </Filter>
    <Filter Include="akiraTest">
      <UniqueIdentifier>{011744b9-5231-4da5-8162-78af5425f5ac}</UniqueIdentifier>
    </Filter>
  </ItemGroup>
  <ItemGroup>
    <ClCompile Include="testmain.cpp">
      <Filter>Source Files</Filter>
    </ClCompile>
    <ClCompile Include="sample1.cpp">
      <Filter>sample_unittest</Filter>
    </ClCompile>
    <ClCompile Include="sample1_unittest.cpp">
      <Filter>sample_unittest</Filter>
    </ClCompile>
    <ClCompile Include="AKValueTypeTest.cpp">
      <Filter>akiraTest</Filter>
    </ClCompile>
    <ClCompile Include="AKCompareMethodTest.cpp">
      <Filter>akiraTest</Filter>
    </ClCompile>
    <ClCompile Include="sample2_unittest.cpp">
      <Filter>sample_unittest</Filter>
    </ClCompile>
    <ClCompile Include="sample3_unittest.cpp">
      <Filter>sample_unittest</Filter>
    </ClCompile>
    <ClCompile Include="sample2.cpp">
      <Filter>sample_unittest</Filter>
    </ClCompile>
    <ClCompile Include="sample4_unittest.cpp">
      <Filter>sample_unittest</Filter>
    </ClCompile>
    <ClCompile Include="sample5_unittest.cpp">
      <Filter>sample_unittest</Filter>
    </ClCompile>
    <ClCompile Include="sample4.cpp">
      <Filter>sample_unittest</Filter>
    </ClCompile>
  </ItemGroup>
  <ItemGroup>
    <ClInclude Include="sample1.h">
      <Filter>sample_unittest</Filter>
    </ClInclude>
    <ClInclude Include="prime_tables.h">
      <Filter>sample_unittest</Filter>
    </ClInclude>
    <ClInclude Include="sample2.h">
      <Filter>sample_unittest</Filter>
    </ClInclude>
    <ClInclude Include="sample3-inl.h">
      <Filter>sample_unittest</Filter>
    </ClInclude>
    <ClInclude Include="sample4.h">
      <Filter>sample_unittest</Filter>
    </ClInclude>
  </ItemGroup>
</Project>